// !$*UTF8*$!
{
	archiveVersion = 1;
	classes = {
	};
	objectVersion = 52;
	objects = {

/* Begin PBXBuildFile section */
		840CCE3E26010DF600CAD9FA /* ImageDownloadManager.swift in Sources */ = {isa = PBXBuildFile; fileRef = 840CCE3D26010DF600CAD9FA /* ImageDownloadManager.swift */; };
		840CCE4E26078C9900CAD9FA /* Requests.swift in Sources */ = {isa = PBXBuildFile; fileRef = 840CCE4D26078C9900CAD9FA /* Requests.swift */; };
		840CCE5F2607B71A00CAD9FA /* FloorsViewController.swift in Sources */ = {isa = PBXBuildFile; fileRef = 840CCE5E2607B71A00CAD9FA /* FloorsViewController.swift */; };
		840CCE642607B75100CAD9FA /* FloorCell.swift in Sources */ = {isa = PBXBuildFile; fileRef = 840CCE632607B75100CAD9FA /* FloorCell.swift */; };
		840CCE6E2607BBB300CAD9FA /* GalleryCell.swift in Sources */ = {isa = PBXBuildFile; fileRef = 840CCE6D2607BBB300CAD9FA /* GalleryCell.swift */; };
		840CCE732608F06600CAD9FA /* FloorData.swift in Sources */ = {isa = PBXBuildFile; fileRef = 840CCE722608F06600CAD9FA /* FloorData.swift */; };
		840CCE782608F19700CAD9FA /* Gallery.swift in Sources */ = {isa = PBXBuildFile; fileRef = 840CCE772608F19700CAD9FA /* Gallery.swift */; };
		840CCE83260A684500CAD9FA /* GalleriesViewController.swift in Sources */ = {isa = PBXBuildFile; fileRef = 840CCE82260A684400CAD9FA /* GalleriesViewController.swift */; };
		840CCEBB2610D3C200CAD9FA /* CollectionViewModelType.swift in Sources */ = {isa = PBXBuildFile; fileRef = 840CCEBA2610D3C200CAD9FA /* CollectionViewModelType.swift */; };
		840CCEC32610D5EE00CAD9FA /* CollectionCellViewModelType.swift in Sources */ = {isa = PBXBuildFile; fileRef = 840CCEC22610D5ED00CAD9FA /* CollectionCellViewModelType.swift */; };
		840CCEC82610D6D600CAD9FA /* FloorsViewModel.swift in Sources */ = {isa = PBXBuildFile; fileRef = 840CCEC72610D6D600CAD9FA /* FloorsViewModel.swift */; };
		840CCECD2610D7D100CAD9FA /* FloorCellViewModel.swift in Sources */ = {isa = PBXBuildFile; fileRef = 840CCECC2610D7D100CAD9FA /* FloorCellViewModel.swift */; };
		840CCEDC2611C7C100CAD9FA /* GalleriesViewModel.swift in Sources */ = {isa = PBXBuildFile; fileRef = 840CCEDB2611C7C100CAD9FA /* GalleriesViewModel.swift */; };
		840CCEE62611C92700CAD9FA /* GalleriesCellViewModel.swift in Sources */ = {isa = PBXBuildFile; fileRef = 840CCEE52611C92700CAD9FA /* GalleriesCellViewModel.swift */; };
		840CCEF12611D03A00CAD9FA /* GalleriesViewModelType.swift in Sources */ = {isa = PBXBuildFile; fileRef = 840CCEF02611D03A00CAD9FA /* GalleriesViewModelType.swift */; };
		840CCEF62614A06000CAD9FA /* NetworkManager.swift in Sources */ = {isa = PBXBuildFile; fileRef = 840CCEF52614A05F00CAD9FA /* NetworkManager.swift */; };
		847B78B325EBFBFC00F0D81D /* Exhibit.swift in Sources */ = {isa = PBXBuildFile; fileRef = 847B78B225EBFBFC00F0D81D /* Exhibit.swift */; };
		847B78CA25ED63D500F0D81D /* ExhibitionTableViewController.swift in Sources */ = {isa = PBXBuildFile; fileRef = 847B78C925ED63D500F0D81D /* ExhibitionTableViewController.swift */; };
		847B78DA25ED6EA600F0D81D /* ExhibitTableViewCell.swift in Sources */ = {isa = PBXBuildFile; fileRef = 847B78D925ED6EA600F0D81D /* ExhibitTableViewCell.swift */; };
		847B78DF25F51E0E00F0D81D /* ApiKey.swift in Sources */ = {isa = PBXBuildFile; fileRef = 847B78DE25F51E0E00F0D81D /* ApiKey.swift */; };
		847B78E425F51FB700F0D81D /* Downloader.swift in Sources */ = {isa = PBXBuildFile; fileRef = 847B78E325F51FB700F0D81D /* Downloader.swift */; };
		847B78E925F5326600F0D81D /* GalleryData.swift in Sources */ = {isa = PBXBuildFile; fileRef = 847B78E825F5326600F0D81D /* GalleryData.swift */; };
		847B791425F7DA0900F0D81D /* AlamofireImage in Frameworks */ = {isa = PBXBuildFile; productRef = 847B791325F7DA0900F0D81D /* AlamofireImage */; };
		847F067025E6C00000338B31 /* AppDelegate.swift in Sources */ = {isa = PBXBuildFile; fileRef = 847F066F25E6C00000338B31 /* AppDelegate.swift */; };
		847F067225E6C00000338B31 /* SceneDelegate.swift in Sources */ = {isa = PBXBuildFile; fileRef = 847F067125E6C00000338B31 /* SceneDelegate.swift */; };
		847F067425E6C00000338B31 /* DetailedViewController.swift in Sources */ = {isa = PBXBuildFile; fileRef = 847F067325E6C00000338B31 /* DetailedViewController.swift */; };
		847F067925E6C01500338B31 /* Assets.xcassets in Resources */ = {isa = PBXBuildFile; fileRef = 847F067825E6C01500338B31 /* Assets.xcassets */; };
		847F067C25E6C01500338B31 /* LaunchScreen.storyboard in Resources */ = {isa = PBXBuildFile; fileRef = 847F067A25E6C01500338B31 /* LaunchScreen.storyboard */; };
		847F068725E6C01600338B31 /* HarvardArtMuseumViewerTests.swift in Sources */ = {isa = PBXBuildFile; fileRef = 847F068625E6C01600338B31 /* HarvardArtMuseumViewerTests.swift */; };
		847F069225E6C01600338B31 /* HarvardArtMuseumViewerUITests.swift in Sources */ = {isa = PBXBuildFile; fileRef = 847F069125E6C01600338B31 /* HarvardArtMuseumViewerUITests.swift */; };
		D819A56E2628A4CE006659F2 /* ImageCell.swift in Sources */ = {isa = PBXBuildFile; fileRef = D819A56D2628A4CE006659F2 /* ImageCell.swift */; };
		D823C1DE26160DBF000EAF85 /* FlorsViewModelType.swift in Sources */ = {isa = PBXBuildFile; fileRef = D823C1DD26160DBF000EAF85 /* FlorsViewModelType.swift */; };
		D823C1E626160F0A000EAF85 /* ExhibitionViewModel.swift in Sources */ = {isa = PBXBuildFile; fileRef = D823C1E526160F0A000EAF85 /* ExhibitionViewModel.swift */; };
		D823C1EE26160FC4000EAF85 /* ExhibitionViewModelType.swift in Sources */ = {isa = PBXBuildFile; fileRef = D823C1ED26160FC4000EAF85 /* ExhibitionViewModelType.swift */; };
		D823C1F326161079000EAF85 /* DetailedViewModelType.swift in Sources */ = {isa = PBXBuildFile; fileRef = D823C1F226161079000EAF85 /* DetailedViewModelType.swift */; };
		D823C1FE26161333000EAF85 /* ExhibitionCellViewModel.swift in Sources */ = {isa = PBXBuildFile; fileRef = D823C1FD26161333000EAF85 /* ExhibitionCellViewModel.swift */; };
		D823C2062616153E000EAF85 /* DetailedViewModel.swift in Sources */ = {isa = PBXBuildFile; fileRef = D823C2052616153E000EAF85 /* DetailedViewModel.swift */; };
		D823C2172616307E000EAF85 /* ExhibitionCellViewModelType.swift in Sources */ = {isa = PBXBuildFile; fileRef = D823C2162616307E000EAF85 /* ExhibitionCellViewModelType.swift */; };
		D8CC136F2620796500A5F15C /* LoadingCell.swift in Sources */ = {isa = PBXBuildFile; fileRef = D8CC136E2620796500A5F15C /* LoadingCell.swift */; };
/* End PBXBuildFile section */

/* Begin PBXContainerItemProxy section */
		847F068325E6C01600338B31 /* PBXContainerItemProxy */ = {
			isa = PBXContainerItemProxy;
			containerPortal = 847F066425E6C00000338B31 /* Project object */;
			proxyType = 1;
			remoteGlobalIDString = 847F066B25E6C00000338B31;
			remoteInfo = HarvardArtMuseumViewer;
		};
		847F068E25E6C01600338B31 /* PBXContainerItemProxy */ = {
			isa = PBXContainerItemProxy;
			containerPortal = 847F066425E6C00000338B31 /* Project object */;
			proxyType = 1;
			remoteGlobalIDString = 847F066B25E6C00000338B31;
			remoteInfo = HarvardArtMuseumViewer;
		};
/* End PBXContainerItemProxy section */

/* Begin PBXFileReference section */
		840CCE3D26010DF600CAD9FA /* ImageDownloadManager.swift */ = {isa = PBXFileReference; lastKnownFileType = sourcecode.swift; path = ImageDownloadManager.swift; sourceTree = "<group>"; };
		840CCE4D26078C9900CAD9FA /* Requests.swift */ = {isa = PBXFileReference; lastKnownFileType = sourcecode.swift; path = Requests.swift; sourceTree = "<group>"; };
		840CCE5E2607B71A00CAD9FA /* FloorsViewController.swift */ = {isa = PBXFileReference; lastKnownFileType = sourcecode.swift; path = FloorsViewController.swift; sourceTree = "<group>"; };
		840CCE632607B75100CAD9FA /* FloorCell.swift */ = {isa = PBXFileReference; lastKnownFileType = sourcecode.swift; path = FloorCell.swift; sourceTree = "<group>"; };
		840CCE6D2607BBB300CAD9FA /* GalleryCell.swift */ = {isa = PBXFileReference; lastKnownFileType = sourcecode.swift; path = GalleryCell.swift; sourceTree = "<group>"; };
		840CCE722608F06600CAD9FA /* FloorData.swift */ = {isa = PBXFileReference; lastKnownFileType = sourcecode.swift; path = FloorData.swift; sourceTree = "<group>"; };
		840CCE772608F19700CAD9FA /* Gallery.swift */ = {isa = PBXFileReference; lastKnownFileType = sourcecode.swift; path = Gallery.swift; sourceTree = "<group>"; };
		840CCE82260A684400CAD9FA /* GalleriesViewController.swift */ = {isa = PBXFileReference; lastKnownFileType = sourcecode.swift; path = GalleriesViewController.swift; sourceTree = "<group>"; };
		840CCEBA2610D3C200CAD9FA /* CollectionViewModelType.swift */ = {isa = PBXFileReference; lastKnownFileType = sourcecode.swift; path = CollectionViewModelType.swift; sourceTree = "<group>"; };
		840CCEC22610D5ED00CAD9FA /* CollectionCellViewModelType.swift */ = {isa = PBXFileReference; lastKnownFileType = sourcecode.swift; path = CollectionCellViewModelType.swift; sourceTree = "<group>"; };
		840CCEC72610D6D600CAD9FA /* FloorsViewModel.swift */ = {isa = PBXFileReference; lastKnownFileType = sourcecode.swift; path = FloorsViewModel.swift; sourceTree = "<group>"; };
		840CCECC2610D7D100CAD9FA /* FloorCellViewModel.swift */ = {isa = PBXFileReference; lastKnownFileType = sourcecode.swift; path = FloorCellViewModel.swift; sourceTree = "<group>"; };
		840CCEDB2611C7C100CAD9FA /* GalleriesViewModel.swift */ = {isa = PBXFileReference; lastKnownFileType = sourcecode.swift; path = GalleriesViewModel.swift; sourceTree = "<group>"; };
		840CCEE52611C92700CAD9FA /* GalleriesCellViewModel.swift */ = {isa = PBXFileReference; lastKnownFileType = sourcecode.swift; path = GalleriesCellViewModel.swift; sourceTree = "<group>"; };
		840CCEF02611D03A00CAD9FA /* GalleriesViewModelType.swift */ = {isa = PBXFileReference; lastKnownFileType = sourcecode.swift; path = GalleriesViewModelType.swift; sourceTree = "<group>"; };
		840CCEF52614A05F00CAD9FA /* NetworkManager.swift */ = {isa = PBXFileReference; lastKnownFileType = sourcecode.swift; path = NetworkManager.swift; sourceTree = "<group>"; };
		847B78B225EBFBFC00F0D81D /* Exhibit.swift */ = {isa = PBXFileReference; lastKnownFileType = sourcecode.swift; path = Exhibit.swift; sourceTree = "<group>"; };
		847B78C925ED63D500F0D81D /* ExhibitionTableViewController.swift */ = {isa = PBXFileReference; lastKnownFileType = sourcecode.swift; path = ExhibitionTableViewController.swift; sourceTree = "<group>"; };
		847B78D925ED6EA600F0D81D /* ExhibitTableViewCell.swift */ = {isa = PBXFileReference; lastKnownFileType = sourcecode.swift; path = ExhibitTableViewCell.swift; sourceTree = "<group>"; };
		847B78DE25F51E0E00F0D81D /* ApiKey.swift */ = {isa = PBXFileReference; lastKnownFileType = sourcecode.swift; path = ApiKey.swift; sourceTree = "<group>"; };
		847B78E325F51FB700F0D81D /* Downloader.swift */ = {isa = PBXFileReference; lastKnownFileType = sourcecode.swift; path = Downloader.swift; sourceTree = "<group>"; };
		847B78E825F5326600F0D81D /* GalleryData.swift */ = {isa = PBXFileReference; lastKnownFileType = sourcecode.swift; path = GalleryData.swift; sourceTree = "<group>"; };
		847F066C25E6C00000338B31 /* HarvardArtMuseumViewer.app */ = {isa = PBXFileReference; explicitFileType = wrapper.application; includeInIndex = 0; path = HarvardArtMuseumViewer.app; sourceTree = BUILT_PRODUCTS_DIR; };
		847F066F25E6C00000338B31 /* AppDelegate.swift */ = {isa = PBXFileReference; lastKnownFileType = sourcecode.swift; path = AppDelegate.swift; sourceTree = "<group>"; };
		847F067125E6C00000338B31 /* SceneDelegate.swift */ = {isa = PBXFileReference; lastKnownFileType = sourcecode.swift; path = SceneDelegate.swift; sourceTree = "<group>"; };
		847F067325E6C00000338B31 /* DetailedViewController.swift */ = {isa = PBXFileReference; lastKnownFileType = sourcecode.swift; path = DetailedViewController.swift; sourceTree = "<group>"; };
		847F067825E6C01500338B31 /* Assets.xcassets */ = {isa = PBXFileReference; lastKnownFileType = folder.assetcatalog; path = Assets.xcassets; sourceTree = "<group>"; };
		847F067B25E6C01500338B31 /* Base */ = {isa = PBXFileReference; lastKnownFileType = file.storyboard; name = Base; path = Base.lproj/LaunchScreen.storyboard; sourceTree = "<group>"; };
		847F067D25E6C01500338B31 /* Info.plist */ = {isa = PBXFileReference; lastKnownFileType = text.plist.xml; path = Info.plist; sourceTree = "<group>"; };
		847F068225E6C01600338B31 /* HarvardArtMuseumViewerTests.xctest */ = {isa = PBXFileReference; explicitFileType = wrapper.cfbundle; includeInIndex = 0; path = HarvardArtMuseumViewerTests.xctest; sourceTree = BUILT_PRODUCTS_DIR; };
		847F068625E6C01600338B31 /* HarvardArtMuseumViewerTests.swift */ = {isa = PBXFileReference; lastKnownFileType = sourcecode.swift; path = HarvardArtMuseumViewerTests.swift; sourceTree = "<group>"; };
		847F068825E6C01600338B31 /* Info.plist */ = {isa = PBXFileReference; lastKnownFileType = text.plist.xml; path = Info.plist; sourceTree = "<group>"; };
		847F068D25E6C01600338B31 /* HarvardArtMuseumViewerUITests.xctest */ = {isa = PBXFileReference; explicitFileType = wrapper.cfbundle; includeInIndex = 0; path = HarvardArtMuseumViewerUITests.xctest; sourceTree = BUILT_PRODUCTS_DIR; };
		847F069125E6C01600338B31 /* HarvardArtMuseumViewerUITests.swift */ = {isa = PBXFileReference; lastKnownFileType = sourcecode.swift; path = HarvardArtMuseumViewerUITests.swift; sourceTree = "<group>"; };
		847F069325E6C01600338B31 /* Info.plist */ = {isa = PBXFileReference; lastKnownFileType = text.plist.xml; path = Info.plist; sourceTree = "<group>"; };
		D819A56D2628A4CE006659F2 /* ImageCell.swift */ = {isa = PBXFileReference; lastKnownFileType = sourcecode.swift; path = ImageCell.swift; sourceTree = "<group>"; };
		D823C1DD26160DBF000EAF85 /* FlorsViewModelType.swift */ = {isa = PBXFileReference; lastKnownFileType = sourcecode.swift; path = FlorsViewModelType.swift; sourceTree = "<group>"; };
		D823C1E526160F0A000EAF85 /* ExhibitionViewModel.swift */ = {isa = PBXFileReference; lastKnownFileType = sourcecode.swift; path = ExhibitionViewModel.swift; sourceTree = "<group>"; };
		D823C1ED26160FC4000EAF85 /* ExhibitionViewModelType.swift */ = {isa = PBXFileReference; lastKnownFileType = sourcecode.swift; path = ExhibitionViewModelType.swift; sourceTree = "<group>"; };
		D823C1F226161079000EAF85 /* DetailedViewModelType.swift */ = {isa = PBXFileReference; lastKnownFileType = sourcecode.swift; path = DetailedViewModelType.swift; sourceTree = "<group>"; };
		D823C1FD26161333000EAF85 /* ExhibitionCellViewModel.swift */ = {isa = PBXFileReference; lastKnownFileType = sourcecode.swift; path = ExhibitionCellViewModel.swift; sourceTree = "<group>"; };
		D823C2052616153E000EAF85 /* DetailedViewModel.swift */ = {isa = PBXFileReference; lastKnownFileType = sourcecode.swift; path = DetailedViewModel.swift; sourceTree = "<group>"; };
		D823C2162616307E000EAF85 /* ExhibitionCellViewModelType.swift */ = {isa = PBXFileReference; lastKnownFileType = sourcecode.swift; path = ExhibitionCellViewModelType.swift; sourceTree = "<group>"; };
		D8CC136E2620796500A5F15C /* LoadingCell.swift */ = {isa = PBXFileReference; lastKnownFileType = sourcecode.swift; path = LoadingCell.swift; sourceTree = "<group>"; };
/* End PBXFileReference section */

/* Begin PBXFrameworksBuildPhase section */
		847F066925E6C00000338B31 /* Frameworks */ = {
			isa = PBXFrameworksBuildPhase;
			buildActionMask = 2147483647;
			files = (
				847B791425F7DA0900F0D81D /* AlamofireImage in Frameworks */,
			);
			runOnlyForDeploymentPostprocessing = 0;
		};
		847F067F25E6C01500338B31 /* Frameworks */ = {
			isa = PBXFrameworksBuildPhase;
			buildActionMask = 2147483647;
			files = (
			);
			runOnlyForDeploymentPostprocessing = 0;
		};
		847F068A25E6C01600338B31 /* Frameworks */ = {
			isa = PBXFrameworksBuildPhase;
			buildActionMask = 2147483647;
			files = (
			);
			runOnlyForDeploymentPostprocessing = 0;
		};
/* End PBXFrameworksBuildPhase section */

/* Begin PBXGroup section */
		840CCE2E2600FF2200CAD9FA /* Models */ = {
			isa = PBXGroup;
			children = (
				847B78E825F5326600F0D81D /* GalleryData.swift */,
				840CCE722608F06600CAD9FA /* FloorData.swift */,
				840CCE772608F19700CAD9FA /* Gallery.swift */,
				847B78B225EBFBFC00F0D81D /* Exhibit.swift */,
			);
			path = Models;
			sourceTree = "<group>";
		};
		840CCE2F2600FF5000CAD9FA /* Views */ = {
			isa = PBXGroup;
			children = (
				840CCE5E2607B71A00CAD9FA /* FloorsViewController.swift */,
				840CCE82260A684400CAD9FA /* GalleriesViewController.swift */,
				847B78C925ED63D500F0D81D /* ExhibitionTableViewController.swift */,
				847F067325E6C00000338B31 /* DetailedViewController.swift */,
				D8C6B4A726235CC0004650CC /* Cells */,
			);
			path = Views;
			sourceTree = "<group>";
		};
		840CCE302600FF5D00CAD9FA /* Networking */ = {
			isa = PBXGroup;
			children = (
				847B78E325F51FB700F0D81D /* Downloader.swift */,
				840CCEF52614A05F00CAD9FA /* NetworkManager.swift */,
				840CCE3D26010DF600CAD9FA /* ImageDownloadManager.swift */,
				840CCE4D26078C9900CAD9FA /* Requests.swift */,
			);
			path = Networking;
			sourceTree = "<group>";
		};
		840CCE342601006900CAD9FA /* Recources */ = {
			isa = PBXGroup;
			children = (
				847B78DE25F51E0E00F0D81D /* ApiKey.swift */,
				847F067825E6C01500338B31 /* Assets.xcassets */,
			);
			path = Recources;
			sourceTree = "<group>";
		};
		840CCE35260100BF00CAD9FA /* Storyboards */ = {
			isa = PBXGroup;
			children = (
				847F067A25E6C01500338B31 /* LaunchScreen.storyboard */,
			);
			path = Storyboards;
			sourceTree = "<group>";
		};
		840CCEB82610D32700CAD9FA /* ViewModels */ = {
			isa = PBXGroup;
			children = (
				840CCEC72610D6D600CAD9FA /* FloorsViewModel.swift */,
				840CCECC2610D7D100CAD9FA /* FloorCellViewModel.swift */,
				840CCEDB2611C7C100CAD9FA /* GalleriesViewModel.swift */,
				840CCEE52611C92700CAD9FA /* GalleriesCellViewModel.swift */,
				D823C1E526160F0A000EAF85 /* ExhibitionViewModel.swift */,
				D823C1FD26161333000EAF85 /* ExhibitionCellViewModel.swift */,
				D823C2052616153E000EAF85 /* DetailedViewModel.swift */,
			);
			path = ViewModels;
			sourceTree = "<group>";
		};
		840CCEB92610D35900CAD9FA /* Protocols */ = {
			isa = PBXGroup;
			children = (
				840CCEBA2610D3C200CAD9FA /* CollectionViewModelType.swift */,
				840CCEC22610D5ED00CAD9FA /* CollectionCellViewModelType.swift */,
				D823C1DD26160DBF000EAF85 /* FlorsViewModelType.swift */,
				840CCEF02611D03A00CAD9FA /* GalleriesViewModelType.swift */,
				D823C1ED26160FC4000EAF85 /* ExhibitionViewModelType.swift */,
				D823C2162616307E000EAF85 /* ExhibitionCellViewModelType.swift */,
				D823C1F226161079000EAF85 /* DetailedViewModelType.swift */,
			);
			path = Protocols;
			sourceTree = "<group>";
		};
		847F066325E6C00000338B31 = {
			isa = PBXGroup;
			children = (
				847F066E25E6C00000338B31 /* HarvardArtMuseumViewer */,
				847F068525E6C01600338B31 /* HarvardArtMuseumViewerTests */,
				847F069025E6C01600338B31 /* HarvardArtMuseumViewerUITests */,
				847F066D25E6C00000338B31 /* Products */,
			);
			sourceTree = "<group>";
		};
		847F066D25E6C00000338B31 /* Products */ = {
			isa = PBXGroup;
			children = (
				847F066C25E6C00000338B31 /* HarvardArtMuseumViewer.app */,
				847F068225E6C01600338B31 /* HarvardArtMuseumViewerTests.xctest */,
				847F068D25E6C01600338B31 /* HarvardArtMuseumViewerUITests.xctest */,
			);
			name = Products;
			sourceTree = "<group>";
		};
		847F066E25E6C00000338B31 /* HarvardArtMuseumViewer */ = {
			isa = PBXGroup;
			children = (
				847F066F25E6C00000338B31 /* AppDelegate.swift */,
				847F067125E6C00000338B31 /* SceneDelegate.swift */,
				847F067D25E6C01500338B31 /* Info.plist */,
				840CCEB82610D32700CAD9FA /* ViewModels */,
				840CCE2E2600FF2200CAD9FA /* Models */,
				840CCEB92610D35900CAD9FA /* Protocols */,
				840CCE2F2600FF5000CAD9FA /* Views */,
				840CCE302600FF5D00CAD9FA /* Networking */,
				840CCE35260100BF00CAD9FA /* Storyboards */,
				840CCE342601006900CAD9FA /* Recources */,
			);
			path = HarvardArtMuseumViewer;
			sourceTree = "<group>";
		};
		847F068525E6C01600338B31 /* HarvardArtMuseumViewerTests */ = {
			isa = PBXGroup;
			children = (
				847F068625E6C01600338B31 /* HarvardArtMuseumViewerTests.swift */,
				847F068825E6C01600338B31 /* Info.plist */,
			);
			path = HarvardArtMuseumViewerTests;
			sourceTree = "<group>";
		};
		847F069025E6C01600338B31 /* HarvardArtMuseumViewerUITests */ = {
			isa = PBXGroup;
			children = (
				847F069125E6C01600338B31 /* HarvardArtMuseumViewerUITests.swift */,
				847F069325E6C01600338B31 /* Info.plist */,
			);
			path = HarvardArtMuseumViewerUITests;
			sourceTree = "<group>";
		};
		D8C6B4A726235CC0004650CC /* Cells */ = {
			isa = PBXGroup;
			children = (
				840CCE632607B75100CAD9FA /* FloorCell.swift */,
				840CCE6D2607BBB300CAD9FA /* GalleryCell.swift */,
				847B78D925ED6EA600F0D81D /* ExhibitTableViewCell.swift */,
				D8CC136E2620796500A5F15C /* LoadingCell.swift */,
				D819A56D2628A4CE006659F2 /* ImageCell.swift */,
			);
			path = Cells;
			sourceTree = "<group>";
		};
/* End PBXGroup section */

/* Begin PBXNativeTarget section */
		847F066B25E6C00000338B31 /* HarvardArtMuseumViewer */ = {
			isa = PBXNativeTarget;
			buildConfigurationList = 847F069625E6C01600338B31 /* Build configuration list for PBXNativeTarget "HarvardArtMuseumViewer" */;
			buildPhases = (
				847F066825E6C00000338B31 /* Sources */,
				847F066925E6C00000338B31 /* Frameworks */,
				847F066A25E6C00000338B31 /* Resources */,
			);
			buildRules = (
			);
			dependencies = (
			);
			name = HarvardArtMuseumViewer;
			packageProductDependencies = (
				847B791325F7DA0900F0D81D /* AlamofireImage */,
			);
			productName = HarvardArtMuseumViewer;
			productReference = 847F066C25E6C00000338B31 /* HarvardArtMuseumViewer.app */;
			productType = "com.apple.product-type.application";
		};
		847F068125E6C01500338B31 /* HarvardArtMuseumViewerTests */ = {
			isa = PBXNativeTarget;
			buildConfigurationList = 847F069925E6C01600338B31 /* Build configuration list for PBXNativeTarget "HarvardArtMuseumViewerTests" */;
			buildPhases = (
				847F067E25E6C01500338B31 /* Sources */,
				847F067F25E6C01500338B31 /* Frameworks */,
				847F068025E6C01500338B31 /* Resources */,
			);
			buildRules = (
			);
			dependencies = (
				847F068425E6C01600338B31 /* PBXTargetDependency */,
			);
			name = HarvardArtMuseumViewerTests;
			productName = HarvardArtMuseumViewerTests;
			productReference = 847F068225E6C01600338B31 /* HarvardArtMuseumViewerTests.xctest */;
			productType = "com.apple.product-type.bundle.unit-test";
		};
		847F068C25E6C01600338B31 /* HarvardArtMuseumViewerUITests */ = {
			isa = PBXNativeTarget;
			buildConfigurationList = 847F069C25E6C01600338B31 /* Build configuration list for PBXNativeTarget "HarvardArtMuseumViewerUITests" */;
			buildPhases = (
				847F068925E6C01600338B31 /* Sources */,
				847F068A25E6C01600338B31 /* Frameworks */,
				847F068B25E6C01600338B31 /* Resources */,
			);
			buildRules = (
			);
			dependencies = (
				847F068F25E6C01600338B31 /* PBXTargetDependency */,
			);
			name = HarvardArtMuseumViewerUITests;
			productName = HarvardArtMuseumViewerUITests;
			productReference = 847F068D25E6C01600338B31 /* HarvardArtMuseumViewerUITests.xctest */;
			productType = "com.apple.product-type.bundle.ui-testing";
		};
/* End PBXNativeTarget section */

/* Begin PBXProject section */
		847F066425E6C00000338B31 /* Project object */ = {
			isa = PBXProject;
			attributes = {
				LastSwiftUpdateCheck = 1230;
				LastUpgradeCheck = 1230;
				TargetAttributes = {
					847F066B25E6C00000338B31 = {
						CreatedOnToolsVersion = 12.3;
					};
					847F068125E6C01500338B31 = {
						CreatedOnToolsVersion = 12.3;
						TestTargetID = 847F066B25E6C00000338B31;
					};
					847F068C25E6C01600338B31 = {
						CreatedOnToolsVersion = 12.3;
						TestTargetID = 847F066B25E6C00000338B31;
					};
				};
			};
			buildConfigurationList = 847F066725E6C00000338B31 /* Build configuration list for PBXProject "HarvardArtMuseumViewer" */;
			compatibilityVersion = "Xcode 9.3";
			developmentRegion = en;
			hasScannedForEncodings = 0;
			knownRegions = (
				en,
				Base,
			);
			mainGroup = 847F066325E6C00000338B31;
			packageReferences = (
				847B791225F7DA0900F0D81D /* XCRemoteSwiftPackageReference "AlamofireImage" */,
			);
			productRefGroup = 847F066D25E6C00000338B31 /* Products */;
			projectDirPath = "";
			projectRoot = "";
			targets = (
				847F066B25E6C00000338B31 /* HarvardArtMuseumViewer */,
				847F068125E6C01500338B31 /* HarvardArtMuseumViewerTests */,
				847F068C25E6C01600338B31 /* HarvardArtMuseumViewerUITests */,
			);
		};
/* End PBXProject section */

/* Begin PBXResourcesBuildPhase section */
		847F066A25E6C00000338B31 /* Resources */ = {
			isa = PBXResourcesBuildPhase;
			buildActionMask = 2147483647;
			files = (
				847F067C25E6C01500338B31 /* LaunchScreen.storyboard in Resources */,
				847F067925E6C01500338B31 /* Assets.xcassets in Resources */,
			);
			runOnlyForDeploymentPostprocessing = 0;
		};
		847F068025E6C01500338B31 /* Resources */ = {
			isa = PBXResourcesBuildPhase;
			buildActionMask = 2147483647;
			files = (
			);
			runOnlyForDeploymentPostprocessing = 0;
		};
		847F068B25E6C01600338B31 /* Resources */ = {
			isa = PBXResourcesBuildPhase;
			buildActionMask = 2147483647;
			files = (
			);
			runOnlyForDeploymentPostprocessing = 0;
		};
/* End PBXResourcesBuildPhase section */

/* Begin PBXSourcesBuildPhase section */
		847F066825E6C00000338B31 /* Sources */ = {
			isa = PBXSourcesBuildPhase;
			buildActionMask = 2147483647;
			files = (
				840CCE782608F19700CAD9FA /* Gallery.swift in Sources */,
				840CCE642607B75100CAD9FA /* FloorCell.swift in Sources */,
				D823C1F326161079000EAF85 /* DetailedViewModelType.swift in Sources */,
				D8CC136F2620796500A5F15C /* LoadingCell.swift in Sources */,
				847F067425E6C00000338B31 /* DetailedViewController.swift in Sources */,
				840CCEBB2610D3C200CAD9FA /* CollectionViewModelType.swift in Sources */,
				840CCEC32610D5EE00CAD9FA /* CollectionCellViewModelType.swift in Sources */,
				840CCEC82610D6D600CAD9FA /* FloorsViewModel.swift in Sources */,
				840CCEDC2611C7C100CAD9FA /* GalleriesViewModel.swift in Sources */,
				840CCE5F2607B71A00CAD9FA /* FloorsViewController.swift in Sources */,
				840CCECD2610D7D100CAD9FA /* FloorCellViewModel.swift in Sources */,
				840CCE4E26078C9900CAD9FA /* Requests.swift in Sources */,
				847B78E425F51FB700F0D81D /* Downloader.swift in Sources */,
				840CCE732608F06600CAD9FA /* FloorData.swift in Sources */,
				D823C2062616153E000EAF85 /* DetailedViewModel.swift in Sources */,
				847B78CA25ED63D500F0D81D /* ExhibitionTableViewController.swift in Sources */,
				840CCE6E2607BBB300CAD9FA /* GalleryCell.swift in Sources */,
				840CCE3E26010DF600CAD9FA /* ImageDownloadManager.swift in Sources */,
				840CCEF62614A06000CAD9FA /* NetworkManager.swift in Sources */,
				D823C1EE26160FC4000EAF85 /* ExhibitionViewModelType.swift in Sources */,
				847F067025E6C00000338B31 /* AppDelegate.swift in Sources */,
				D823C1FE26161333000EAF85 /* ExhibitionCellViewModel.swift in Sources */,
				847B78B325EBFBFC00F0D81D /* Exhibit.swift in Sources */,
				D819A56E2628A4CE006659F2 /* ImageCell.swift in Sources */,
				D823C1E626160F0A000EAF85 /* ExhibitionViewModel.swift in Sources */,
				D823C2172616307E000EAF85 /* ExhibitionCellViewModelType.swift in Sources */,
				847B78DF25F51E0E00F0D81D /* ApiKey.swift in Sources */,
				D823C1DE26160DBF000EAF85 /* FlorsViewModelType.swift in Sources */,
				840CCEF12611D03A00CAD9FA /* GalleriesViewModelType.swift in Sources */,
				847F067225E6C00000338B31 /* SceneDelegate.swift in Sources */,
				847B78DA25ED6EA600F0D81D /* ExhibitTableViewCell.swift in Sources */,
				840CCE83260A684500CAD9FA /* GalleriesViewController.swift in Sources */,
				847B78E925F5326600F0D81D /* GalleryData.swift in Sources */,
				840CCEE62611C92700CAD9FA /* GalleriesCellViewModel.swift in Sources */,
			);
			runOnlyForDeploymentPostprocessing = 0;
		};
		847F067E25E6C01500338B31 /* Sources */ = {
			isa = PBXSourcesBuildPhase;
			buildActionMask = 2147483647;
			files = (
				847F068725E6C01600338B31 /* HarvardArtMuseumViewerTests.swift in Sources */,
			);
			runOnlyForDeploymentPostprocessing = 0;
		};
		847F068925E6C01600338B31 /* Sources */ = {
			isa = PBXSourcesBuildPhase;
			buildActionMask = 2147483647;
			files = (
				847F069225E6C01600338B31 /* HarvardArtMuseumViewerUITests.swift in Sources */,
			);
			runOnlyForDeploymentPostprocessing = 0;
		};
/* End PBXSourcesBuildPhase section */

/* Begin PBXTargetDependency section */
		847F068425E6C01600338B31 /* PBXTargetDependency */ = {
			isa = PBXTargetDependency;
			target = 847F066B25E6C00000338B31 /* HarvardArtMuseumViewer */;
			targetProxy = 847F068325E6C01600338B31 /* PBXContainerItemProxy */;
		};
		847F068F25E6C01600338B31 /* PBXTargetDependency */ = {
			isa = PBXTargetDependency;
			target = 847F066B25E6C00000338B31 /* HarvardArtMuseumViewer */;
			targetProxy = 847F068E25E6C01600338B31 /* PBXContainerItemProxy */;
		};
/* End PBXTargetDependency section */

/* Begin PBXVariantGroup section */
		847F067A25E6C01500338B31 /* LaunchScreen.storyboard */ = {
			isa = PBXVariantGroup;
			children = (
				847F067B25E6C01500338B31 /* Base */,
			);
			name = LaunchScreen.storyboard;
			sourceTree = "<group>";
		};
/* End PBXVariantGroup section */

/* Begin XCBuildConfiguration section */
		847F069425E6C01600338B31 /* Debug */ = {
			isa = XCBuildConfiguration;
			buildSettings = {
				ALWAYS_SEARCH_USER_PATHS = NO;
				CLANG_ANALYZER_NONNULL = YES;
				CLANG_ANALYZER_NUMBER_OBJECT_CONVERSION = YES_AGGRESSIVE;
				CLANG_CXX_LANGUAGE_STANDARD = "gnu++14";
				CLANG_CXX_LIBRARY = "libc++";
				CLANG_ENABLE_MODULES = YES;
				CLANG_ENABLE_OBJC_ARC = YES;
				CLANG_ENABLE_OBJC_WEAK = YES;
				CLANG_WARN_BLOCK_CAPTURE_AUTORELEASING = YES;
				CLANG_WARN_BOOL_CONVERSION = YES;
				CLANG_WARN_COMMA = YES;
				CLANG_WARN_CONSTANT_CONVERSION = YES;
				CLANG_WARN_DEPRECATED_OBJC_IMPLEMENTATIONS = YES;
				CLANG_WARN_DIRECT_OBJC_ISA_USAGE = YES_ERROR;
				CLANG_WARN_DOCUMENTATION_COMMENTS = YES;
				CLANG_WARN_EMPTY_BODY = YES;
				CLANG_WARN_ENUM_CONVERSION = YES;
				CLANG_WARN_INFINITE_RECURSION = YES;
				CLANG_WARN_INT_CONVERSION = YES;
				CLANG_WARN_NON_LITERAL_NULL_CONVERSION = YES;
				CLANG_WARN_OBJC_IMPLICIT_RETAIN_SELF = YES;
				CLANG_WARN_OBJC_LITERAL_CONVERSION = YES;
				CLANG_WARN_OBJC_ROOT_CLASS = YES_ERROR;
				CLANG_WARN_QUOTED_INCLUDE_IN_FRAMEWORK_HEADER = YES;
				CLANG_WARN_RANGE_LOOP_ANALYSIS = YES;
				CLANG_WARN_STRICT_PROTOTYPES = YES;
				CLANG_WARN_SUSPICIOUS_MOVE = YES;
				CLANG_WARN_UNGUARDED_AVAILABILITY = YES_AGGRESSIVE;
				CLANG_WARN_UNREACHABLE_CODE = YES;
				CLANG_WARN__DUPLICATE_METHOD_MATCH = YES;
				COPY_PHASE_STRIP = NO;
				DEBUG_INFORMATION_FORMAT = dwarf;
				ENABLE_STRICT_OBJC_MSGSEND = YES;
				ENABLE_TESTABILITY = YES;
				GCC_C_LANGUAGE_STANDARD = gnu11;
				GCC_DYNAMIC_NO_PIC = NO;
				GCC_NO_COMMON_BLOCKS = YES;
				GCC_OPTIMIZATION_LEVEL = 0;
				GCC_PREPROCESSOR_DEFINITIONS = (
					"DEBUG=1",
					"$(inherited)",
				);
				GCC_WARN_64_TO_32_BIT_CONVERSION = YES;
				GCC_WARN_ABOUT_RETURN_TYPE = YES_ERROR;
				GCC_WARN_UNDECLARED_SELECTOR = YES;
				GCC_WARN_UNINITIALIZED_AUTOS = YES_AGGRESSIVE;
				GCC_WARN_UNUSED_FUNCTION = YES;
				GCC_WARN_UNUSED_VARIABLE = YES;
				IPHONEOS_DEPLOYMENT_TARGET = 14.3;
				MTL_ENABLE_DEBUG_INFO = INCLUDE_SOURCE;
				MTL_FAST_MATH = YES;
				ONLY_ACTIVE_ARCH = YES;
				SDKROOT = iphoneos;
				SWIFT_ACTIVE_COMPILATION_CONDITIONS = DEBUG;
				SWIFT_OPTIMIZATION_LEVEL = "-Onone";
			};
			name = Debug;
		};
		847F069525E6C01600338B31 /* Release */ = {
			isa = XCBuildConfiguration;
			buildSettings = {
				ALWAYS_SEARCH_USER_PATHS = NO;
				CLANG_ANALYZER_NONNULL = YES;
				CLANG_ANALYZER_NUMBER_OBJECT_CONVERSION = YES_AGGRESSIVE;
				CLANG_CXX_LANGUAGE_STANDARD = "gnu++14";
				CLANG_CXX_LIBRARY = "libc++";
				CLANG_ENABLE_MODULES = YES;
				CLANG_ENABLE_OBJC_ARC = YES;
				CLANG_ENABLE_OBJC_WEAK = YES;
				CLANG_WARN_BLOCK_CAPTURE_AUTORELEASING = YES;
				CLANG_WARN_BOOL_CONVERSION = YES;
				CLANG_WARN_COMMA = YES;
				CLANG_WARN_CONSTANT_CONVERSION = YES;
				CLANG_WARN_DEPRECATED_OBJC_IMPLEMENTATIONS = YES;
				CLANG_WARN_DIRECT_OBJC_ISA_USAGE = YES_ERROR;
				CLANG_WARN_DOCUMENTATION_COMMENTS = YES;
				CLANG_WARN_EMPTY_BODY = YES;
				CLANG_WARN_ENUM_CONVERSION = YES;
				CLANG_WARN_INFINITE_RECURSION = YES;
				CLANG_WARN_INT_CONVERSION = YES;
				CLANG_WARN_NON_LITERAL_NULL_CONVERSION = YES;
				CLANG_WARN_OBJC_IMPLICIT_RETAIN_SELF = YES;
				CLANG_WARN_OBJC_LITERAL_CONVERSION = YES;
				CLANG_WARN_OBJC_ROOT_CLASS = YES_ERROR;
				CLANG_WARN_QUOTED_INCLUDE_IN_FRAMEWORK_HEADER = YES;
				CLANG_WARN_RANGE_LOOP_ANALYSIS = YES;
				CLANG_WARN_STRICT_PROTOTYPES = YES;
				CLANG_WARN_SUSPICIOUS_MOVE = YES;
				CLANG_WARN_UNGUARDED_AVAILABILITY = YES_AGGRESSIVE;
				CLANG_WARN_UNREACHABLE_CODE = YES;
				CLANG_WARN__DUPLICATE_METHOD_MATCH = YES;
				COPY_PHASE_STRIP = NO;
				DEBUG_INFORMATION_FORMAT = "dwarf-with-dsym";
				ENABLE_NS_ASSERTIONS = NO;
				ENABLE_STRICT_OBJC_MSGSEND = YES;
				GCC_C_LANGUAGE_STANDARD = gnu11;
				GCC_NO_COMMON_BLOCKS = YES;
				GCC_WARN_64_TO_32_BIT_CONVERSION = YES;
				GCC_WARN_ABOUT_RETURN_TYPE = YES_ERROR;
				GCC_WARN_UNDECLARED_SELECTOR = YES;
				GCC_WARN_UNINITIALIZED_AUTOS = YES_AGGRESSIVE;
				GCC_WARN_UNUSED_FUNCTION = YES;
				GCC_WARN_UNUSED_VARIABLE = YES;
				IPHONEOS_DEPLOYMENT_TARGET = 14.3;
				MTL_ENABLE_DEBUG_INFO = NO;
				MTL_FAST_MATH = YES;
				SDKROOT = iphoneos;
				SWIFT_COMPILATION_MODE = wholemodule;
				SWIFT_OPTIMIZATION_LEVEL = "-O";
				VALIDATE_PRODUCT = YES;
			};
			name = Release;
		};
		847F069725E6C01600338B31 /* Debug */ = {
			isa = XCBuildConfiguration;
			buildSettings = {
				ASSETCATALOG_COMPILER_APPICON_NAME = AppIcon;
				ASSETCATALOG_COMPILER_GLOBAL_ACCENT_COLOR_NAME = AccentColor;
				CODE_SIGN_STYLE = Automatic;
				INFOPLIST_FILE = HarvardArtMuseumViewer/Info.plist;
				LD_RUNPATH_SEARCH_PATHS = (
					"$(inherited)",
					"@executable_path/Frameworks",
				);
				PRODUCT_BUNDLE_IDENTIFIER = "dudkin-dv.ExhibitionViewr";
				PRODUCT_NAME = "$(TARGET_NAME)";
				SWIFT_VERSION = 5.0;
				TARGETED_DEVICE_FAMILY = 1;
			};
			name = Debug;
		};
		847F069825E6C01600338B31 /* Release */ = {
			isa = XCBuildConfiguration;
			buildSettings = {
				ASSETCATALOG_COMPILER_APPICON_NAME = AppIcon;
				ASSETCATALOG_COMPILER_GLOBAL_ACCENT_COLOR_NAME = AccentColor;
				CODE_SIGN_STYLE = Automatic;
				INFOPLIST_FILE = HarvardArtMuseumViewer/Info.plist;
				LD_RUNPATH_SEARCH_PATHS = (
					"$(inherited)",
					"@executable_path/Frameworks",
				);
				PRODUCT_BUNDLE_IDENTIFIER = "dudkin-dv.ExhibitionViewr";
				PRODUCT_NAME = "$(TARGET_NAME)";
				SWIFT_VERSION = 5.0;
				TARGETED_DEVICE_FAMILY = 1;
			};
			name = Release;
		};
		847F069A25E6C01600338B31 /* Debug */ = {
			isa = XCBuildConfiguration;
			buildSettings = {
				ALWAYS_EMBED_SWIFT_STANDARD_LIBRARIES = YES;
				BUNDLE_LOADER = "$(TEST_HOST)";
				CODE_SIGN_STYLE = Automatic;
				INFOPLIST_FILE = HarvardArtMuseumViewerTests/Info.plist;
				IPHONEOS_DEPLOYMENT_TARGET = 14.3;
				LD_RUNPATH_SEARCH_PATHS = (
					"$(inherited)",
					"@executable_path/Frameworks",
					"@loader_path/Frameworks",
				);
				PRODUCT_BUNDLE_IDENTIFIER = "dudkin-dv.HarvardArtMuseumViewerTests";
				PRODUCT_NAME = "$(TARGET_NAME)";
				SWIFT_VERSION = 5.0;
				TARGETED_DEVICE_FAMILY = "1,2";
				TEST_HOST = "$(BUILT_PRODUCTS_DIR)/HarvardArtMuseumViewer.app/HarvardArtMuseumViewer";
			};
			name = Debug;
		};
		847F069B25E6C01600338B31 /* Release */ = {
			isa = XCBuildConfiguration;
			buildSettings = {
				ALWAYS_EMBED_SWIFT_STANDARD_LIBRARIES = YES;
				BUNDLE_LOADER = "$(TEST_HOST)";
				CODE_SIGN_STYLE = Automatic;
				INFOPLIST_FILE = HarvardArtMuseumViewerTests/Info.plist;
				IPHONEOS_DEPLOYMENT_TARGET = 14.3;
				LD_RUNPATH_SEARCH_PATHS = (
					"$(inherited)",
					"@executable_path/Frameworks",
					"@loader_path/Frameworks",
				);
				PRODUCT_BUNDLE_IDENTIFIER = "dudkin-dv.HarvardArtMuseumViewerTests";
				PRODUCT_NAME = "$(TARGET_NAME)";
				SWIFT_VERSION = 5.0;
				TARGETED_DEVICE_FAMILY = "1,2";
				TEST_HOST = "$(BUILT_PRODUCTS_DIR)/HarvardArtMuseumViewer.app/HarvardArtMuseumViewer";
			};
			name = Release;
		};
		847F069D25E6C01600338B31 /* Debug */ = {
			isa = XCBuildConfiguration;
			buildSettings = {
				ALWAYS_EMBED_SWIFT_STANDARD_LIBRARIES = YES;
				CODE_SIGN_STYLE = Automatic;
				INFOPLIST_FILE = HarvardArtMuseumViewerUITests/Info.plist;
				LD_RUNPATH_SEARCH_PATHS = (
					"$(inherited)",
					"@executable_path/Frameworks",
					"@loader_path/Frameworks",
				);
				PRODUCT_BUNDLE_IDENTIFIER = "dudkin-dv.HarvardArtMuseumViewerUITests";
				PRODUCT_NAME = "$(TARGET_NAME)";
				SWIFT_VERSION = 5.0;
				TARGETED_DEVICE_FAMILY = "1,2";
				TEST_TARGET_NAME = HarvardArtMuseumViewer;
			};
			name = Debug;
		};
		847F069E25E6C01600338B31 /* Release */ = {
			isa = XCBuildConfiguration;
			buildSettings = {
				ALWAYS_EMBED_SWIFT_STANDARD_LIBRARIES = YES;
				CODE_SIGN_STYLE = Automatic;
				INFOPLIST_FILE = HarvardArtMuseumViewerUITests/Info.plist;
				LD_RUNPATH_SEARCH_PATHS = (
					"$(inherited)",
					"@executable_path/Frameworks",
					"@loader_path/Frameworks",
				);
				PRODUCT_BUNDLE_IDENTIFIER = "dudkin-dv.HarvardArtMuseumViewerUITests";
				PRODUCT_NAME = "$(TARGET_NAME)";
				SWIFT_VERSION = 5.0;
				TARGETED_DEVICE_FAMILY = "1,2";
				TEST_TARGET_NAME = HarvardArtMuseumViewer;
			};
			name = Release;
		};
/* End XCBuildConfiguration section */

/* Begin XCConfigurationList section */
		847F066725E6C00000338B31 /* Build configuration list for PBXProject "HarvardArtMuseumViewer" */ = {
			isa = XCConfigurationList;
			buildConfigurations = (
				847F069425E6C01600338B31 /* Debug */,
				847F069525E6C01600338B31 /* Release */,
			);
			defaultConfigurationIsVisible = 0;
			defaultConfigurationName = Release;
		};
		847F069625E6C01600338B31 /* Build configuration list for PBXNativeTarget "HarvardArtMuseumViewer" */ = {
			isa = XCConfigurationList;
			buildConfigurations = (
				847F069725E6C01600338B31 /* Debug */,
				847F069825E6C01600338B31 /* Release */,
			);
			defaultConfigurationIsVisible = 0;
			defaultConfigurationName = Release;
		};
		847F069925E6C01600338B31 /* Build configuration list for PBXNativeTarget "HarvardArtMuseumViewerTests" */ = {
			isa = XCConfigurationList;
			buildConfigurations = (
				847F069A25E6C01600338B31 /* Debug */,
				847F069B25E6C01600338B31 /* Release */,
			);
			defaultConfigurationIsVisible = 0;
			defaultConfigurationName = Release;
		};
		847F069C25E6C01600338B31 /* Build configuration list for PBXNativeTarget "HarvardArtMuseumViewerUITests" */ = {
			isa = XCConfigurationList;
			buildConfigurations = (
				847F069D25E6C01600338B31 /* Debug */,
				847F069E25E6C01600338B31 /* Release */,
			);
			defaultConfigurationIsVisible = 0;
			defaultConfigurationName = Release;
		};
/* End XCConfigurationList section */

/* Begin XCRemoteSwiftPackageReference section */
		847B791225F7DA0900F0D81D /* XCRemoteSwiftPackageReference "AlamofireImage" */ = {
			isa = XCRemoteSwiftPackageReference;
			repositoryURL = "https://github.com/Alamofire/AlamofireImage.git";
			requirement = {
				kind = upToNextMajorVersion;
				minimumVersion = 4.1.0;
			};
		};
/* End XCRemoteSwiftPackageReference section */

/* Begin XCSwiftPackageProductDependency section */
		847B791325F7DA0900F0D81D /* AlamofireImage */ = {
			isa = XCSwiftPackageProductDependency;
			package = 847B791225F7DA0900F0D81D /* XCRemoteSwiftPackageReference "AlamofireImage" */;
			productName = AlamofireImage;
		};
/* End XCSwiftPackageProductDependency section */
	};
	rootObject = 847F066425E6C00000338B31 /* Project object */;
}
